
Microsoft Visual Studio Solution File, Format Version 12.00
# Visual Studio Version 17
VisualStudioVersion = 17.5.33627.172
MinimumVisualStudioVersion = 10.0.40219.1
Project("{9A19103F-16F7-4668-BE54-9A1E7A4F7556}") = "AppCatalogUtils", "AppCatalogUtils.csproj", "{6414FD15-3709-414C-98C8-FF70A6753A47}"
EndProject
Project("{FAE04EC0-301F-11D3-BF4B-00C04F79EFBC}") = "CheckForUnknown", "CheckForUnknown\CheckForUnknown.csproj", "{8CFD25BF-6773-4C2C-B9DF-E292E738D0E6}"
EndProject
Global
	GlobalSection(SolutionConfigurationPlatforms) = preSolution
		Debug|Any CPU = Debug|Any CPU
		Release|Any CPU = Release|Any CPU
	EndGlobalSection
	GlobalSection(ProjectConfigurationPlatforms) = postSolution
		{6414FD15-3709-414C-98C8-FF70A6753A47}.Debug|Any CPU.ActiveCfg = Debug|Any CPU
		{6414FD15-3709-414C-98C8-FF70A6753A47}.Debug|Any CPU.Build.0 = Debug|Any CPU
		{6414FD15-3709-414C-98C8-FF70A6753A47}.Release|Any CPU.ActiveCfg = Release|Any CPU
		{6414FD15-3709-414C-98C8-FF70A6753A47}.Release|Any CPU.Build.0 = Release|Any CPU
		{8CFD25BF-6773-4C2C-B9DF-E292E738D0E6}.Debug|Any CPU.ActiveCfg = Debug|Any CPU
		{8CFD25BF-6773-4C2C-B9DF-E292E738D0E6}.Debug|Any CPU.Build.0 = Debug|Any CPU
		{8CFD25BF-6773-4C2C-B9DF-E292E738D0E6}.Release|Any CPU.ActiveCfg = Release|Any CPU
		{8CFD25BF-6773-4C2C-B9DF-E292E738D0E6}.Release|Any CPU.Build.0 = Release|Any CPU
	EndGlobalSection
	GlobalSection(SolutionProperties) = preSolution
		HideSolutionNode = FALSE
	EndGlobalSection
	GlobalSection(ExtensibilityGlobals) = postSolution
		SolutionGuid = {085E749E-2E61-4267-A55E-81BBC76C70F3}
	EndGlobalSection
EndGlobal
